
Microsoft Visual Studio Solution File, Format Version 12.00
# Visual Studio Version 16
VisualStudioVersion = 16.0.30413.136
MinimumVisualStudioVersion = 10.0.40219.1
Project("{FAE04EC0-301F-11D3-BF4B-00C04F79EFBC}") = "Client", "Client\Client.csproj", "{8D469C10-36FF-406E-9FEF-FC156774D51A}"
EndProject
Global
	GlobalSection(SolutionConfigurationPlatforms) = preSolution
		Debug|Any CPU = Debug|Any CPU
		Release|Any CPU = Release|Any CPU
	EndGlobalSection
	GlobalSection(ProjectConfigurationPlatforms) = postSolution
		{8D469C10-36FF-406E-9FEF-FC156774D51A}.Debug|Any CPU.ActiveCfg = Debug|Any CPU
		{8D469C10-36FF-406E-9FEF-FC156774D51A}.Debug|Any CPU.Build.0 = Debug|Any CPU
		{8D469C10-36FF-406E-9FEF-FC156774D51A}.Release|Any CPU.ActiveCfg = Release|Any CPU
		{8D469C10-36FF-406E-9FEF-FC156774D51A}.Release|Any CPU.Build.0 = Release|Any CPU
	EndGlobalSection
	GlobalSection(SolutionProperties) = preSolution
		HideSolutionNode = FALSE
	EndGlobalSection
	GlobalSection(ExtensibilityGlobals) = postSolution
		SolutionGuid = {3986E175-2422-45CC-9F5D-C5EDA8355201}
	EndGlobalSection
EndGlobal
